// !$*UTF8*$!
{
	archiveVersion = 1;
	classes = {
	};
	objectVersion = 56;
	objects = {

/* Begin PBXBuildFile section */
		6984F26568B4DB7ABC58105D /* Pods_TheMarvelsTests.framework in Frameworks */ = {isa = PBXBuildFile; fileRef = 696A4D14422CE1330E1E2FBC /* Pods_TheMarvelsTests.framework */; };
		7403A4CC308E8296C2E4DFC6 /* Pods_TheMarvels.framework in Frameworks */ = {isa = PBXBuildFile; fileRef = 1F264579D9C43624FDA0A77F /* Pods_TheMarvels.framework */; };
		97AE5F492BE07D27004FC9BF /* TheMarvelsApp.swift in Sources */ = {isa = PBXBuildFile; fileRef = 97AE5F482BE07D27004FC9BF /* TheMarvelsApp.swift */; };
		97AE5F4D2BE07D27004FC9BF /* Item.swift in Sources */ = {isa = PBXBuildFile; fileRef = 97AE5F4C2BE07D27004FC9BF /* Item.swift */; };
		97AE5F4F2BE07D28004FC9BF /* Assets.xcassets in Resources */ = {isa = PBXBuildFile; fileRef = 97AE5F4E2BE07D28004FC9BF /* Assets.xcassets */; };
		97AE5F522BE07D28004FC9BF /* Preview Assets.xcassets in Resources */ = {isa = PBXBuildFile; fileRef = 97AE5F512BE07D28004FC9BF /* Preview Assets.xcassets */; };
		97AE5F5C2BE07D28004FC9BF /* TheMarvelsTests.swift in Sources */ = {isa = PBXBuildFile; fileRef = 97AE5F5B2BE07D28004FC9BF /* TheMarvelsTests.swift */; };
		97AE5F662BE07D28004FC9BF /* TheMarvelsUITests.swift in Sources */ = {isa = PBXBuildFile; fileRef = 97AE5F652BE07D28004FC9BF /* TheMarvelsUITests.swift */; };
		97AE5F682BE07D28004FC9BF /* TheMarvelsUITestsLaunchTests.swift in Sources */ = {isa = PBXBuildFile; fileRef = 97AE5F672BE07D28004FC9BF /* TheMarvelsUITestsLaunchTests.swift */; };
		97AE5F772BE09875004FC9BF /* CharacterRowView.swift in Sources */ = {isa = PBXBuildFile; fileRef = 97AE5F762BE09875004FC9BF /* CharacterRowView.swift */; };
		97AE5F792BE0987C004FC9BF /* CharacterDetailView.swift in Sources */ = {isa = PBXBuildFile; fileRef = 97AE5F782BE0987C004FC9BF /* CharacterDetailView.swift */; };
		97AE5F7B2BE09883004FC9BF /* CharactersViewModel.swift in Sources */ = {isa = PBXBuildFile; fileRef = 97AE5F7A2BE09883004FC9BF /* CharactersViewModel.swift */; };
		97AE5F862BE0A4A8004FC9BF /* ContentView.swift in Sources */ = {isa = PBXBuildFile; fileRef = 97AE5F852BE0A4A8004FC9BF /* ContentView.swift */; };
		97AE5F8C2BE0BF0B004FC9BF /* CharacterDetailViewModel.swift in Sources */ = {isa = PBXBuildFile; fileRef = 97AE5F8B2BE0BF0B004FC9BF /* CharacterDetailViewModel.swift */; };
		97AE5F902BE0CFD3004FC9BF /* CharactersListView.swift in Sources */ = {isa = PBXBuildFile; fileRef = 97AE5F8F2BE0CFD3004FC9BF /* CharactersListView.swift */; };
		97AE5F922BE0D094004FC9BF /* FavoritesListView.swift in Sources */ = {isa = PBXBuildFile; fileRef = 97AE5F912BE0D094004FC9BF /* FavoritesListView.swift */; };
		A99610585FC9AEAD692183D0 /* Pods_TheMarvels_TheMarvelsUITests.framework in Frameworks */ = {isa = PBXBuildFile; fileRef = F6F4D665AF006812315B5E24 /* Pods_TheMarvels_TheMarvelsUITests.framework */; };
/* End PBXBuildFile section */

/* Begin PBXContainerItemProxy section */
		97AE5F582BE07D28004FC9BF /* PBXContainerItemProxy */ = {
			isa = PBXContainerItemProxy;
			containerPortal = 97AE5F3D2BE07D27004FC9BF /* Project object */;
			proxyType = 1;
			remoteGlobalIDString = 97AE5F442BE07D27004FC9BF;
			remoteInfo = TheMarvels;
		};
		97AE5F622BE07D28004FC9BF /* PBXContainerItemProxy */ = {
			isa = PBXContainerItemProxy;
			containerPortal = 97AE5F3D2BE07D27004FC9BF /* Project object */;
			proxyType = 1;
			remoteGlobalIDString = 97AE5F442BE07D27004FC9BF;
			remoteInfo = TheMarvels;
		};
/* End PBXContainerItemProxy section */

/* Begin PBXFileReference section */
		1F264579D9C43624FDA0A77F /* Pods_TheMarvels.framework */ = {isa = PBXFileReference; explicitFileType = wrapper.framework; includeInIndex = 0; path = Pods_TheMarvels.framework; sourceTree = BUILT_PRODUCTS_DIR; };
		370F14AAC93F7B149428CA1D /* Pods-TheMarvels-TheMarvelsUITests.debug.xcconfig */ = {isa = PBXFileReference; includeInIndex = 1; lastKnownFileType = text.xcconfig; name = "Pods-TheMarvels-TheMarvelsUITests.debug.xcconfig"; path = "Target Support Files/Pods-TheMarvels-TheMarvelsUITests/Pods-TheMarvels-TheMarvelsUITests.debug.xcconfig"; sourceTree = "<group>"; };
		5358C599680D5DF93FAC9CFE /* Pods-TheMarvels-TheMarvelsUITests.release.xcconfig */ = {isa = PBXFileReference; includeInIndex = 1; lastKnownFileType = text.xcconfig; name = "Pods-TheMarvels-TheMarvelsUITests.release.xcconfig"; path = "Target Support Files/Pods-TheMarvels-TheMarvelsUITests/Pods-TheMarvels-TheMarvelsUITests.release.xcconfig"; sourceTree = "<group>"; };
		696A4D14422CE1330E1E2FBC /* Pods_TheMarvelsTests.framework */ = {isa = PBXFileReference; explicitFileType = wrapper.framework; includeInIndex = 0; path = Pods_TheMarvelsTests.framework; sourceTree = BUILT_PRODUCTS_DIR; };
		780EA06808E7F7906A6306D6 /* Pods-TheMarvels.debug.xcconfig */ = {isa = PBXFileReference; includeInIndex = 1; lastKnownFileType = text.xcconfig; name = "Pods-TheMarvels.debug.xcconfig"; path = "Target Support Files/Pods-TheMarvels/Pods-TheMarvels.debug.xcconfig"; sourceTree = "<group>"; };
		95F1BC5BBDCA2D6CEDB61222 /* Pods-TheMarvelsTests.debug.xcconfig */ = {isa = PBXFileReference; includeInIndex = 1; lastKnownFileType = text.xcconfig; name = "Pods-TheMarvelsTests.debug.xcconfig"; path = "Target Support Files/Pods-TheMarvelsTests/Pods-TheMarvelsTests.debug.xcconfig"; sourceTree = "<group>"; };
		97AE5F452BE07D27004FC9BF /* TheMarvels.app */ = {isa = PBXFileReference; explicitFileType = wrapper.application; includeInIndex = 0; path = TheMarvels.app; sourceTree = BUILT_PRODUCTS_DIR; };
		97AE5F482BE07D27004FC9BF /* TheMarvelsApp.swift */ = {isa = PBXFileReference; lastKnownFileType = sourcecode.swift; path = TheMarvelsApp.swift; sourceTree = "<group>"; };
		97AE5F4C2BE07D27004FC9BF /* Item.swift */ = {isa = PBXFileReference; lastKnownFileType = sourcecode.swift; path = Item.swift; sourceTree = "<group>"; };
		97AE5F4E2BE07D28004FC9BF /* Assets.xcassets */ = {isa = PBXFileReference; lastKnownFileType = folder.assetcatalog; path = Assets.xcassets; sourceTree = "<group>"; };
		97AE5F512BE07D28004FC9BF /* Preview Assets.xcassets */ = {isa = PBXFileReference; lastKnownFileType = folder.assetcatalog; path = "Preview Assets.xcassets"; sourceTree = "<group>"; };
		97AE5F572BE07D28004FC9BF /* TheMarvelsTests.xctest */ = {isa = PBXFileReference; explicitFileType = wrapper.cfbundle; includeInIndex = 0; path = TheMarvelsTests.xctest; sourceTree = BUILT_PRODUCTS_DIR; };
		97AE5F5B2BE07D28004FC9BF /* TheMarvelsTests.swift */ = {isa = PBXFileReference; lastKnownFileType = sourcecode.swift; path = TheMarvelsTests.swift; sourceTree = "<group>"; };
		97AE5F612BE07D28004FC9BF /* TheMarvelsUITests.xctest */ = {isa = PBXFileReference; explicitFileType = wrapper.cfbundle; includeInIndex = 0; path = TheMarvelsUITests.xctest; sourceTree = BUILT_PRODUCTS_DIR; };
		97AE5F652BE07D28004FC9BF /* TheMarvelsUITests.swift */ = {isa = PBXFileReference; lastKnownFileType = sourcecode.swift; path = TheMarvelsUITests.swift; sourceTree = "<group>"; };
		97AE5F672BE07D28004FC9BF /* TheMarvelsUITestsLaunchTests.swift */ = {isa = PBXFileReference; lastKnownFileType = sourcecode.swift; path = TheMarvelsUITestsLaunchTests.swift; sourceTree = "<group>"; };
		97AE5F762BE09875004FC9BF /* CharacterRowView.swift */ = {isa = PBXFileReference; lastKnownFileType = sourcecode.swift; path = CharacterRowView.swift; sourceTree = "<group>"; };
		97AE5F782BE0987C004FC9BF /* CharacterDetailView.swift */ = {isa = PBXFileReference; lastKnownFileType = sourcecode.swift; path = CharacterDetailView.swift; sourceTree = "<group>"; };
		97AE5F7A2BE09883004FC9BF /* CharactersViewModel.swift */ = {isa = PBXFileReference; lastKnownFileType = sourcecode.swift; path = CharactersViewModel.swift; sourceTree = "<group>"; };
		97AE5F852BE0A4A8004FC9BF /* ContentView.swift */ = {isa = PBXFileReference; lastKnownFileType = sourcecode.swift; path = ContentView.swift; sourceTree = "<group>"; };
		97AE5F8A2BE0AAD4004FC9BF /* Info.plist */ = {isa = PBXFileReference; lastKnownFileType = text.plist; path = Info.plist; sourceTree = "<group>"; };
		97AE5F8B2BE0BF0B004FC9BF /* CharacterDetailViewModel.swift */ = {isa = PBXFileReference; lastKnownFileType = sourcecode.swift; path = CharacterDetailViewModel.swift; sourceTree = "<group>"; };
		97AE5F8F2BE0CFD3004FC9BF /* CharactersListView.swift */ = {isa = PBXFileReference; lastKnownFileType = sourcecode.swift; path = CharactersListView.swift; sourceTree = "<group>"; };
		97AE5F912BE0D094004FC9BF /* FavoritesListView.swift */ = {isa = PBXFileReference; lastKnownFileType = sourcecode.swift; path = FavoritesListView.swift; sourceTree = "<group>"; };
		C3A6DEFF5263805FECC69681 /* Pods-TheMarvelsTests.release.xcconfig */ = {isa = PBXFileReference; includeInIndex = 1; lastKnownFileType = text.xcconfig; name = "Pods-TheMarvelsTests.release.xcconfig"; path = "Target Support Files/Pods-TheMarvelsTests/Pods-TheMarvelsTests.release.xcconfig"; sourceTree = "<group>"; };
		DDFC7620F2AD2175973D0F79 /* Pods-TheMarvels.release.xcconfig */ = {isa = PBXFileReference; includeInIndex = 1; lastKnownFileType = text.xcconfig; name = "Pods-TheMarvels.release.xcconfig"; path = "Target Support Files/Pods-TheMarvels/Pods-TheMarvels.release.xcconfig"; sourceTree = "<group>"; };
		F6F4D665AF006812315B5E24 /* Pods_TheMarvels_TheMarvelsUITests.framework */ = {isa = PBXFileReference; explicitFileType = wrapper.framework; includeInIndex = 0; path = Pods_TheMarvels_TheMarvelsUITests.framework; sourceTree = BUILT_PRODUCTS_DIR; };
/* End PBXFileReference section */

/* Begin PBXFrameworksBuildPhase section */
		97AE5F422BE07D27004FC9BF /* Frameworks */ = {
			isa = PBXFrameworksBuildPhase;
			buildActionMask = 2147483647;
			files = (
				7403A4CC308E8296C2E4DFC6 /* Pods_TheMarvels.framework in Frameworks */,
			);
			runOnlyForDeploymentPostprocessing = 0;
		};
		97AE5F542BE07D28004FC9BF /* Frameworks */ = {
			isa = PBXFrameworksBuildPhase;
			buildActionMask = 2147483647;
			files = (
				6984F26568B4DB7ABC58105D /* Pods_TheMarvelsTests.framework in Frameworks */,
			);
			runOnlyForDeploymentPostprocessing = 0;
		};
		97AE5F5E2BE07D28004FC9BF /* Frameworks */ = {
			isa = PBXFrameworksBuildPhase;
			buildActionMask = 2147483647;
			files = (
				A99610585FC9AEAD692183D0 /* Pods_TheMarvels_TheMarvelsUITests.framework in Frameworks */,
			);
			runOnlyForDeploymentPostprocessing = 0;
		};
/* End PBXFrameworksBuildPhase section */

/* Begin PBXGroup section */
		11D5AACDA887C3EA0DAB6CEC /* Pods */ = {
			isa = PBXGroup;
			children = (
				780EA06808E7F7906A6306D6 /* Pods-TheMarvels.debug.xcconfig */,
				DDFC7620F2AD2175973D0F79 /* Pods-TheMarvels.release.xcconfig */,
				370F14AAC93F7B149428CA1D /* Pods-TheMarvels-TheMarvelsUITests.debug.xcconfig */,
				5358C599680D5DF93FAC9CFE /* Pods-TheMarvels-TheMarvelsUITests.release.xcconfig */,
				95F1BC5BBDCA2D6CEDB61222 /* Pods-TheMarvelsTests.debug.xcconfig */,
				C3A6DEFF5263805FECC69681 /* Pods-TheMarvelsTests.release.xcconfig */,
			);
			path = Pods;
			sourceTree = "<group>";
		};
		7DA455AEBCECE224A10045F9 /* Frameworks */ = {
			isa = PBXGroup;
			children = (
				1F264579D9C43624FDA0A77F /* Pods_TheMarvels.framework */,
				F6F4D665AF006812315B5E24 /* Pods_TheMarvels_TheMarvelsUITests.framework */,
				696A4D14422CE1330E1E2FBC /* Pods_TheMarvelsTests.framework */,
			);
			name = Frameworks;
			sourceTree = "<group>";
		};
		97AE5F3C2BE07D27004FC9BF = {
			isa = PBXGroup;
			children = (
				97AE5F472BE07D27004FC9BF /* TheMarvels */,
				97AE5F5A2BE07D28004FC9BF /* TheMarvelsTests */,
				97AE5F642BE07D28004FC9BF /* TheMarvelsUITests */,
				97AE5F462BE07D27004FC9BF /* Products */,
				11D5AACDA887C3EA0DAB6CEC /* Pods */,
				7DA455AEBCECE224A10045F9 /* Frameworks */,
			);
			sourceTree = "<group>";
		};
		97AE5F462BE07D27004FC9BF /* Products */ = {
			isa = PBXGroup;
			children = (
				97AE5F452BE07D27004FC9BF /* TheMarvels.app */,
				97AE5F572BE07D28004FC9BF /* TheMarvelsTests.xctest */,
				97AE5F612BE07D28004FC9BF /* TheMarvelsUITests.xctest */,
			);
			name = Products;
			sourceTree = "<group>";
		};
		97AE5F472BE07D27004FC9BF /* TheMarvels */ = {
			isa = PBXGroup;
			children = (
				97AE5F8A2BE0AAD4004FC9BF /* Info.plist */,
				97AE5F482BE07D27004FC9BF /* TheMarvelsApp.swift */,
				97AE5F7C2BE09898004FC9BF /* Model */,
				97AE5F7D2BE098AA004FC9BF /* View */,
				97AE5F7E2BE098B7004FC9BF /* ViewModel */,
				97AE5F4C2BE07D27004FC9BF /* Item.swift */,
				97AE5F4E2BE07D28004FC9BF /* Assets.xcassets */,
				97AE5F502BE07D28004FC9BF /* Preview Content */,
			);
			path = TheMarvels;
			sourceTree = "<group>";
		};
		97AE5F502BE07D28004FC9BF /* Preview Content */ = {
			isa = PBXGroup;
			children = (
				97AE5F512BE07D28004FC9BF /* Preview Assets.xcassets */,
			);
			path = "Preview Content";
			sourceTree = "<group>";
		};
		97AE5F5A2BE07D28004FC9BF /* TheMarvelsTests */ = {
			isa = PBXGroup;
			children = (
				97AE5F5B2BE07D28004FC9BF /* TheMarvelsTests.swift */,
			);
			path = TheMarvelsTests;
			sourceTree = "<group>";
		};
		97AE5F642BE07D28004FC9BF /* TheMarvelsUITests */ = {
			isa = PBXGroup;
			children = (
				97AE5F652BE07D28004FC9BF /* TheMarvelsUITests.swift */,
				97AE5F672BE07D28004FC9BF /* TheMarvelsUITestsLaunchTests.swift */,
			);
			path = TheMarvelsUITests;
			sourceTree = "<group>";
		};
		97AE5F7C2BE09898004FC9BF /* Model */ = {
			isa = PBXGroup;
			children = (
			);
			path = Model;
			sourceTree = "<group>";
		};
		97AE5F7D2BE098AA004FC9BF /* View */ = {
			isa = PBXGroup;
			children = (
				97AE5F852BE0A4A8004FC9BF /* ContentView.swift */,
				97AE5F8F2BE0CFD3004FC9BF /* CharactersListView.swift */,
				97AE5F912BE0D094004FC9BF /* FavoritesListView.swift */,
				97AE5F762BE09875004FC9BF /* CharacterRowView.swift */,
				97AE5F782BE0987C004FC9BF /* CharacterDetailView.swift */,
			);
			path = View;
			sourceTree = "<group>";
		};
		97AE5F7E2BE098B7004FC9BF /* ViewModel */ = {
			isa = PBXGroup;
			children = (
				97AE5F7A2BE09883004FC9BF /* CharactersViewModel.swift */,
				97AE5F8B2BE0BF0B004FC9BF /* CharacterDetailViewModel.swift */,
			);
			path = ViewModel;
			sourceTree = "<group>";
		};
/* End PBXGroup section */

/* Begin PBXNativeTarget section */
		97AE5F442BE07D27004FC9BF /* TheMarvels */ = {
			isa = PBXNativeTarget;
			buildConfigurationList = 97AE5F6B2BE07D28004FC9BF /* Build configuration list for PBXNativeTarget "TheMarvels" */;
			buildPhases = (
				E79D9B5848FF521BF6DCA17B /* [CP] Check Pods Manifest.lock */,
				97AE5F412BE07D27004FC9BF /* Sources */,
				97AE5F422BE07D27004FC9BF /* Frameworks */,
				97AE5F432BE07D27004FC9BF /* Resources */,
				AFABA7EEC772EB0B2A4357ED /* [CP] Embed Pods Frameworks */,
			);
			buildRules = (
			);
			dependencies = (
			);
			name = TheMarvels;
			productName = TheMarvels;
			productReference = 97AE5F452BE07D27004FC9BF /* TheMarvels.app */;
			productType = "com.apple.product-type.application";
		};
		97AE5F562BE07D28004FC9BF /* TheMarvelsTests */ = {
			isa = PBXNativeTarget;
			buildConfigurationList = 97AE5F6E2BE07D28004FC9BF /* Build configuration list for PBXNativeTarget "TheMarvelsTests" */;
			buildPhases = (
				3853230ACEE78DD7501D41EA /* [CP] Check Pods Manifest.lock */,
				97AE5F532BE07D28004FC9BF /* Sources */,
				97AE5F542BE07D28004FC9BF /* Frameworks */,
				97AE5F552BE07D28004FC9BF /* Resources */,
			);
			buildRules = (
			);
			dependencies = (
				97AE5F592BE07D28004FC9BF /* PBXTargetDependency */,
			);
			name = TheMarvelsTests;
			productName = TheMarvelsTests;
			productReference = 97AE5F572BE07D28004FC9BF /* TheMarvelsTests.xctest */;
			productType = "com.apple.product-type.bundle.unit-test";
		};
		97AE5F602BE07D28004FC9BF /* TheMarvelsUITests */ = {
			isa = PBXNativeTarget;
			buildConfigurationList = 97AE5F712BE07D28004FC9BF /* Build configuration list for PBXNativeTarget "TheMarvelsUITests" */;
			buildPhases = (
				6DDBB250A1F9A187C3967DEE /* [CP] Check Pods Manifest.lock */,
				97AE5F5D2BE07D28004FC9BF /* Sources */,
				97AE5F5E2BE07D28004FC9BF /* Frameworks */,
				97AE5F5F2BE07D28004FC9BF /* Resources */,
				114B6137224CC9C589A3324A /* [CP] Embed Pods Frameworks */,
			);
			buildRules = (
			);
			dependencies = (
				97AE5F632BE07D28004FC9BF /* PBXTargetDependency */,
			);
			name = TheMarvelsUITests;
			productName = TheMarvelsUITests;
			productReference = 97AE5F612BE07D28004FC9BF /* TheMarvelsUITests.xctest */;
			productType = "com.apple.product-type.bundle.ui-testing";
		};
/* End PBXNativeTarget section */

/* Begin PBXProject section */
		97AE5F3D2BE07D27004FC9BF /* Project object */ = {
			isa = PBXProject;
			attributes = {
				BuildIndependentTargetsInParallel = 1;
				LastSwiftUpdateCheck = 1500;
				LastUpgradeCheck = 1500;
				TargetAttributes = {
					97AE5F442BE07D27004FC9BF = {
						CreatedOnToolsVersion = 15.0.1;
					};
					97AE5F562BE07D28004FC9BF = {
						CreatedOnToolsVersion = 15.0.1;
						TestTargetID = 97AE5F442BE07D27004FC9BF;
					};
					97AE5F602BE07D28004FC9BF = {
						CreatedOnToolsVersion = 15.0.1;
						TestTargetID = 97AE5F442BE07D27004FC9BF;
					};
				};
			};
			buildConfigurationList = 97AE5F402BE07D27004FC9BF /* Build configuration list for PBXProject "TheMarvels" */;
			compatibilityVersion = "Xcode 14.0";
			developmentRegion = en;
			hasScannedForEncodings = 0;
			knownRegions = (
				en,
				Base,
			);
			mainGroup = 97AE5F3C2BE07D27004FC9BF;
			productRefGroup = 97AE5F462BE07D27004FC9BF /* Products */;
			projectDirPath = "";
			projectRoot = "";
			targets = (
				97AE5F442BE07D27004FC9BF /* TheMarvels */,
				97AE5F562BE07D28004FC9BF /* TheMarvelsTests */,
				97AE5F602BE07D28004FC9BF /* TheMarvelsUITests */,
			);
		};
/* End PBXProject section */

/* Begin PBXResourcesBuildPhase section */
		97AE5F432BE07D27004FC9BF /* Resources */ = {
			isa = PBXResourcesBuildPhase;
			buildActionMask = 2147483647;
			files = (
				97AE5F522BE07D28004FC9BF /* Preview Assets.xcassets in Resources */,
				97AE5F4F2BE07D28004FC9BF /* Assets.xcassets in Resources */,
			);
			runOnlyForDeploymentPostprocessing = 0;
		};
		97AE5F552BE07D28004FC9BF /* Resources */ = {
			isa = PBXResourcesBuildPhase;
			buildActionMask = 2147483647;
			files = (
			);
			runOnlyForDeploymentPostprocessing = 0;
		};
		97AE5F5F2BE07D28004FC9BF /* Resources */ = {
			isa = PBXResourcesBuildPhase;
			buildActionMask = 2147483647;
			files = (
			);
			runOnlyForDeploymentPostprocessing = 0;
		};
/* End PBXResourcesBuildPhase section */

/* Begin PBXShellScriptBuildPhase section */
		114B6137224CC9C589A3324A /* [CP] Embed Pods Frameworks */ = {
			isa = PBXShellScriptBuildPhase;
			buildActionMask = 2147483647;
			files = (
			);
			inputFileListPaths = (
				"${PODS_ROOT}/Target Support Files/Pods-TheMarvels-TheMarvelsUITests/Pods-TheMarvels-TheMarvelsUITests-frameworks-${CONFIGURATION}-input-files.xcfilelist",
			);
			name = "[CP] Embed Pods Frameworks";
			outputFileListPaths = (
				"${PODS_ROOT}/Target Support Files/Pods-TheMarvels-TheMarvelsUITests/Pods-TheMarvels-TheMarvelsUITests-frameworks-${CONFIGURATION}-output-files.xcfilelist",
			);
			runOnlyForDeploymentPostprocessing = 0;
			shellPath = /bin/sh;
			shellScript = "\"${PODS_ROOT}/Target Support Files/Pods-TheMarvels-TheMarvelsUITests/Pods-TheMarvels-TheMarvelsUITests-frameworks.sh\"\n";
			showEnvVarsInLog = 0;
		};
		3853230ACEE78DD7501D41EA /* [CP] Check Pods Manifest.lock */ = {
			isa = PBXShellScriptBuildPhase;
			buildActionMask = 2147483647;
			files = (
			);
			inputFileListPaths = (
			);
			inputPaths = (
				"${PODS_PODFILE_DIR_PATH}/Podfile.lock",
				"${PODS_ROOT}/Manifest.lock",
			);
			name = "[CP] Check Pods Manifest.lock";
			outputFileListPaths = (
			);
			outputPaths = (
				"$(DERIVED_FILE_DIR)/Pods-TheMarvelsTests-checkManifestLockResult.txt",
			);
			runOnlyForDeploymentPostprocessing = 0;
			shellPath = /bin/sh;
			shellScript = "diff \"${PODS_PODFILE_DIR_PATH}/Podfile.lock\" \"${PODS_ROOT}/Manifest.lock\" > /dev/null\nif [ $? != 0 ] ; then\n    # print error to STDERR\n    echo \"error: The sandbox is not in sync with the Podfile.lock. Run 'pod install' or update your CocoaPods installation.\" >&2\n    exit 1\nfi\n# This output is used by Xcode 'outputs' to avoid re-running this script phase.\necho \"SUCCESS\" > \"${SCRIPT_OUTPUT_FILE_0}\"\n";
			showEnvVarsInLog = 0;
		};
		6DDBB250A1F9A187C3967DEE /* [CP] Check Pods Manifest.lock */ = {
			isa = PBXShellScriptBuildPhase;
			buildActionMask = 2147483647;
			files = (
			);
			inputFileListPaths = (
			);
			inputPaths = (
				"${PODS_PODFILE_DIR_PATH}/Podfile.lock",
				"${PODS_ROOT}/Manifest.lock",
			);
			name = "[CP] Check Pods Manifest.lock";
			outputFileListPaths = (
			);
			outputPaths = (
				"$(DERIVED_FILE_DIR)/Pods-TheMarvels-TheMarvelsUITests-checkManifestLockResult.txt",
			);
			runOnlyForDeploymentPostprocessing = 0;
			shellPath = /bin/sh;
			shellScript = "diff \"${PODS_PODFILE_DIR_PATH}/Podfile.lock\" \"${PODS_ROOT}/Manifest.lock\" > /dev/null\nif [ $? != 0 ] ; then\n    # print error to STDERR\n    echo \"error: The sandbox is not in sync with the Podfile.lock. Run 'pod install' or update your CocoaPods installation.\" >&2\n    exit 1\nfi\n# This output is used by Xcode 'outputs' to avoid re-running this script phase.\necho \"SUCCESS\" > \"${SCRIPT_OUTPUT_FILE_0}\"\n";
			showEnvVarsInLog = 0;
		};
		AFABA7EEC772EB0B2A4357ED /* [CP] Embed Pods Frameworks */ = {
			isa = PBXShellScriptBuildPhase;
			buildActionMask = 2147483647;
			files = (
			);
			inputFileListPaths = (
				"${PODS_ROOT}/Target Support Files/Pods-TheMarvels/Pods-TheMarvels-frameworks-${CONFIGURATION}-input-files.xcfilelist",
			);
			name = "[CP] Embed Pods Frameworks";
			outputFileListPaths = (
				"${PODS_ROOT}/Target Support Files/Pods-TheMarvels/Pods-TheMarvels-frameworks-${CONFIGURATION}-output-files.xcfilelist",
			);
			runOnlyForDeploymentPostprocessing = 0;
			shellPath = /bin/sh;
			shellScript = "\"${PODS_ROOT}/Target Support Files/Pods-TheMarvels/Pods-TheMarvels-frameworks.sh\"\n";
			showEnvVarsInLog = 0;
		};
		E79D9B5848FF521BF6DCA17B /* [CP] Check Pods Manifest.lock */ = {
			isa = PBXShellScriptBuildPhase;
			buildActionMask = 2147483647;
			files = (
			);
			inputFileListPaths = (
			);
			inputPaths = (
				"${PODS_PODFILE_DIR_PATH}/Podfile.lock",
				"${PODS_ROOT}/Manifest.lock",
			);
			name = "[CP] Check Pods Manifest.lock";
			outputFileListPaths = (
			);
			outputPaths = (
				"$(DERIVED_FILE_DIR)/Pods-TheMarvels-checkManifestLockResult.txt",
			);
			runOnlyForDeploymentPostprocessing = 0;
			shellPath = /bin/sh;
			shellScript = "diff \"${PODS_PODFILE_DIR_PATH}/Podfile.lock\" \"${PODS_ROOT}/Manifest.lock\" > /dev/null\nif [ $? != 0 ] ; then\n    # print error to STDERR\n    echo \"error: The sandbox is not in sync with the Podfile.lock. Run 'pod install' or update your CocoaPods installation.\" >&2\n    exit 1\nfi\n# This output is used by Xcode 'outputs' to avoid re-running this script phase.\necho \"SUCCESS\" > \"${SCRIPT_OUTPUT_FILE_0}\"\n";
			showEnvVarsInLog = 0;
		};
/* End PBXShellScriptBuildPhase section */

/* Begin PBXSourcesBuildPhase section */
		97AE5F412BE07D27004FC9BF /* Sources */ = {
			isa = PBXSourcesBuildPhase;
			buildActionMask = 2147483647;
			files = (
				97AE5F7B2BE09883004FC9BF /* CharactersViewModel.swift in Sources */,
				97AE5F4D2BE07D27004FC9BF /* Item.swift in Sources */,
				97AE5F492BE07D27004FC9BF /* TheMarvelsApp.swift in Sources */,
				97AE5F862BE0A4A8004FC9BF /* ContentView.swift in Sources */,
				97AE5F792BE0987C004FC9BF /* CharacterDetailView.swift in Sources */,
				97AE5F902BE0CFD3004FC9BF /* CharactersListView.swift in Sources */,
				97AE5F922BE0D094004FC9BF /* FavoritesListView.swift in Sources */,
				97AE5F8C2BE0BF0B004FC9BF /* CharacterDetailViewModel.swift in Sources */,
				97AE5F772BE09875004FC9BF /* CharacterRowView.swift in Sources */,
			);
			runOnlyForDeploymentPostprocessing = 0;
		};
		97AE5F532BE07D28004FC9BF /* Sources */ = {
			isa = PBXSourcesBuildPhase;
			buildActionMask = 2147483647;
			files = (
				97AE5F5C2BE07D28004FC9BF /* TheMarvelsTests.swift in Sources */,
			);
			runOnlyForDeploymentPostprocessing = 0;
		};
		97AE5F5D2BE07D28004FC9BF /* Sources */ = {
			isa = PBXSourcesBuildPhase;
			buildActionMask = 2147483647;
			files = (
				97AE5F662BE07D28004FC9BF /* TheMarvelsUITests.swift in Sources */,
				97AE5F682BE07D28004FC9BF /* TheMarvelsUITestsLaunchTests.swift in Sources */,
			);
			runOnlyForDeploymentPostprocessing = 0;
		};
/* End PBXSourcesBuildPhase section */

/* Begin PBXTargetDependency section */
		97AE5F592BE07D28004FC9BF /* PBXTargetDependency */ = {
			isa = PBXTargetDependency;
			target = 97AE5F442BE07D27004FC9BF /* TheMarvels */;
			targetProxy = 97AE5F582BE07D28004FC9BF /* PBXContainerItemProxy */;
		};
		97AE5F632BE07D28004FC9BF /* PBXTargetDependency */ = {
			isa = PBXTargetDependency;
			target = 97AE5F442BE07D27004FC9BF /* TheMarvels */;
			targetProxy = 97AE5F622BE07D28004FC9BF /* PBXContainerItemProxy */;
		};
/* End PBXTargetDependency section */

/* Begin XCBuildConfiguration section */
		97AE5F692BE07D28004FC9BF /* Debug */ = {
			isa = XCBuildConfiguration;
			buildSettings = {
				ALWAYS_SEARCH_USER_PATHS = NO;
				ASSETCATALOG_COMPILER_GENERATE_SWIFT_ASSET_SYMBOL_EXTENSIONS = YES;
				CLANG_ANALYZER_NONNULL = YES;
				CLANG_ANALYZER_NUMBER_OBJECT_CONVERSION = YES_AGGRESSIVE;
				CLANG_CXX_LANGUAGE_STANDARD = "gnu++20";
				CLANG_ENABLE_MODULES = YES;
				CLANG_ENABLE_OBJC_ARC = YES;
				CLANG_ENABLE_OBJC_WEAK = YES;
				CLANG_WARN_BLOCK_CAPTURE_AUTORELEASING = YES;
				CLANG_WARN_BOOL_CONVERSION = YES;
				CLANG_WARN_COMMA = YES;
				CLANG_WARN_CONSTANT_CONVERSION = YES;
				CLANG_WARN_DEPRECATED_OBJC_IMPLEMENTATIONS = YES;
				CLANG_WARN_DIRECT_OBJC_ISA_USAGE = YES_ERROR;
				CLANG_WARN_DOCUMENTATION_COMMENTS = YES;
				CLANG_WARN_EMPTY_BODY = YES;
				CLANG_WARN_ENUM_CONVERSION = YES;
				CLANG_WARN_INFINITE_RECURSION = YES;
				CLANG_WARN_INT_CONVERSION = YES;
				CLANG_WARN_NON_LITERAL_NULL_CONVERSION = YES;
				CLANG_WARN_OBJC_IMPLICIT_RETAIN_SELF = YES;
				CLANG_WARN_OBJC_LITERAL_CONVERSION = YES;
				CLANG_WARN_OBJC_ROOT_CLASS = YES_ERROR;
				CLANG_WARN_QUOTED_INCLUDE_IN_FRAMEWORK_HEADER = YES;
				CLANG_WARN_RANGE_LOOP_ANALYSIS = YES;
				CLANG_WARN_STRICT_PROTOTYPES = YES;
				CLANG_WARN_SUSPICIOUS_MOVE = YES;
				CLANG_WARN_UNGUARDED_AVAILABILITY = YES_AGGRESSIVE;
				CLANG_WARN_UNREACHABLE_CODE = YES;
				CLANG_WARN__DUPLICATE_METHOD_MATCH = YES;
				COPY_PHASE_STRIP = NO;
				DEBUG_INFORMATION_FORMAT = dwarf;
				ENABLE_STRICT_OBJC_MSGSEND = YES;
				ENABLE_TESTABILITY = YES;
				ENABLE_USER_SCRIPT_SANDBOXING = YES;
				GCC_C_LANGUAGE_STANDARD = gnu17;
				GCC_DYNAMIC_NO_PIC = NO;
				GCC_NO_COMMON_BLOCKS = YES;
				GCC_OPTIMIZATION_LEVEL = 0;
				GCC_PREPROCESSOR_DEFINITIONS = (
					"DEBUG=1",
					"$(inherited)",
				);
				GCC_WARN_64_TO_32_BIT_CONVERSION = YES;
				GCC_WARN_ABOUT_RETURN_TYPE = YES_ERROR;
				GCC_WARN_UNDECLARED_SELECTOR = YES;
				GCC_WARN_UNINITIALIZED_AUTOS = YES_AGGRESSIVE;
				GCC_WARN_UNUSED_FUNCTION = YES;
				GCC_WARN_UNUSED_VARIABLE = YES;
				IPHONEOS_DEPLOYMENT_TARGET = 17.0;
				LOCALIZATION_PREFERS_STRING_CATALOGS = YES;
				MTL_ENABLE_DEBUG_INFO = INCLUDE_SOURCE;
				MTL_FAST_MATH = YES;
				ONLY_ACTIVE_ARCH = YES;
				SDKROOT = iphoneos;
				SWIFT_ACTIVE_COMPILATION_CONDITIONS = "DEBUG $(inherited)";
				SWIFT_OPTIMIZATION_LEVEL = "-Onone";
			};
			name = Debug;
		};
		97AE5F6A2BE07D28004FC9BF /* Release */ = {
			isa = XCBuildConfiguration;
			buildSettings = {
				ALWAYS_SEARCH_USER_PATHS = NO;
				ASSETCATALOG_COMPILER_GENERATE_SWIFT_ASSET_SYMBOL_EXTENSIONS = YES;
				CLANG_ANALYZER_NONNULL = YES;
				CLANG_ANALYZER_NUMBER_OBJECT_CONVERSION = YES_AGGRESSIVE;
				CLANG_CXX_LANGUAGE_STANDARD = "gnu++20";
				CLANG_ENABLE_MODULES = YES;
				CLANG_ENABLE_OBJC_ARC = YES;
				CLANG_ENABLE_OBJC_WEAK = YES;
				CLANG_WARN_BLOCK_CAPTURE_AUTORELEASING = YES;
				CLANG_WARN_BOOL_CONVERSION = YES;
				CLANG_WARN_COMMA = YES;
				CLANG_WARN_CONSTANT_CONVERSION = YES;
				CLANG_WARN_DEPRECATED_OBJC_IMPLEMENTATIONS = YES;
				CLANG_WARN_DIRECT_OBJC_ISA_USAGE = YES_ERROR;
				CLANG_WARN_DOCUMENTATION_COMMENTS = YES;
				CLANG_WARN_EMPTY_BODY = YES;
				CLANG_WARN_ENUM_CONVERSION = YES;
				CLANG_WARN_INFINITE_RECURSION = YES;
				CLANG_WARN_INT_CONVERSION = YES;
				CLANG_WARN_NON_LITERAL_NULL_CONVERSION = YES;
				CLANG_WARN_OBJC_IMPLICIT_RETAIN_SELF = YES;
				CLANG_WARN_OBJC_LITERAL_CONVERSION = YES;
				CLANG_WARN_OBJC_ROOT_CLASS = YES_ERROR;
				CLANG_WARN_QUOTED_INCLUDE_IN_FRAMEWORK_HEADER = YES;
				CLANG_WARN_RANGE_LOOP_ANALYSIS = YES;
				CLANG_WARN_STRICT_PROTOTYPES = YES;
				CLANG_WARN_SUSPICIOUS_MOVE = YES;
				CLANG_WARN_UNGUARDED_AVAILABILITY = YES_AGGRESSIVE;
				CLANG_WARN_UNREACHABLE_CODE = YES;
				CLANG_WARN__DUPLICATE_METHOD_MATCH = YES;
				COPY_PHASE_STRIP = NO;
				DEBUG_INFORMATION_FORMAT = "dwarf-with-dsym";
				ENABLE_NS_ASSERTIONS = NO;
				ENABLE_STRICT_OBJC_MSGSEND = YES;
				ENABLE_USER_SCRIPT_SANDBOXING = YES;
				GCC_C_LANGUAGE_STANDARD = gnu17;
				GCC_NO_COMMON_BLOCKS = YES;
				GCC_WARN_64_TO_32_BIT_CONVERSION = YES;
				GCC_WARN_ABOUT_RETURN_TYPE = YES_ERROR;
				GCC_WARN_UNDECLARED_SELECTOR = YES;
				GCC_WARN_UNINITIALIZED_AUTOS = YES_AGGRESSIVE;
				GCC_WARN_UNUSED_FUNCTION = YES;
				GCC_WARN_UNUSED_VARIABLE = YES;
				IPHONEOS_DEPLOYMENT_TARGET = 17.0;
				LOCALIZATION_PREFERS_STRING_CATALOGS = YES;
				MTL_ENABLE_DEBUG_INFO = NO;
				MTL_FAST_MATH = YES;
				SDKROOT = iphoneos;
				SWIFT_COMPILATION_MODE = wholemodule;
				VALIDATE_PRODUCT = YES;
			};
			name = Release;
		};
		97AE5F6C2BE07D28004FC9BF /* Debug */ = {
			isa = XCBuildConfiguration;
			baseConfigurationReference = 780EA06808E7F7906A6306D6 /* Pods-TheMarvels.debug.xcconfig */;
			buildSettings = {
				ASSETCATALOG_COMPILER_APPICON_NAME = AppIcon;
				ASSETCATALOG_COMPILER_GLOBAL_ACCENT_COLOR_NAME = AccentColor;
				CODE_SIGN_STYLE = Automatic;
				CURRENT_PROJECT_VERSION = 1;
				DEVELOPMENT_ASSET_PATHS = "\"TheMarvels/Preview Content\"";
				DEVELOPMENT_TEAM = G7EA55P48L;
				ENABLE_PREVIEWS = YES;
				ENABLE_USER_SCRIPT_SANDBOXING = NO;
				GENERATE_INFOPLIST_FILE = YES;
				INFOPLIST_FILE = TheMarvels/Info.plist;
				INFOPLIST_KEY_UIApplicationSceneManifest_Generation = YES;
				INFOPLIST_KEY_UIApplicationSupportsIndirectInputEvents = YES;
				INFOPLIST_KEY_UILaunchScreen_Generation = YES;
				INFOPLIST_KEY_UISupportedInterfaceOrientations_iPad = "UIInterfaceOrientationPortrait UIInterfaceOrientationPortraitUpsideDown UIInterfaceOrientationLandscapeLeft UIInterfaceOrientationLandscapeRight";
				INFOPLIST_KEY_UISupportedInterfaceOrientations_iPhone = "UIInterfaceOrientationPortrait UIInterfaceOrientationLandscapeLeft UIInterfaceOrientationLandscapeRight";
				LD_RUNPATH_SEARCH_PATHS = (
					"$(inherited)",
					"@executable_path/Frameworks",
				);
				MARKETING_VERSION = 1.0;
				PRODUCT_BUNDLE_IDENTIFIER = marvel.netomoura.TheMarvels;
				PRODUCT_NAME = "$(TARGET_NAME)";
				SWIFT_EMIT_LOC_STRINGS = YES;
				SWIFT_VERSION = 5.0;
				TARGETED_DEVICE_FAMILY = "1,2";
			};
			name = Debug;
		};
		97AE5F6D2BE07D28004FC9BF /* Release */ = {
			isa = XCBuildConfiguration;
			baseConfigurationReference = DDFC7620F2AD2175973D0F79 /* Pods-TheMarvels.release.xcconfig */;
			buildSettings = {
				ASSETCATALOG_COMPILER_APPICON_NAME = AppIcon;
				ASSETCATALOG_COMPILER_GLOBAL_ACCENT_COLOR_NAME = AccentColor;
				CODE_SIGN_STYLE = Automatic;
				CURRENT_PROJECT_VERSION = 1;
				DEVELOPMENT_ASSET_PATHS = "\"TheMarvels/Preview Content\"";
				DEVELOPMENT_TEAM = G7EA55P48L;
				ENABLE_PREVIEWS = YES;
				ENABLE_USER_SCRIPT_SANDBOXING = NO;
				GENERATE_INFOPLIST_FILE = YES;
				INFOPLIST_FILE = TheMarvels/Info.plist;
				INFOPLIST_KEY_UIApplicationSceneManifest_Generation = YES;
				INFOPLIST_KEY_UIApplicationSupportsIndirectInputEvents = YES;
				INFOPLIST_KEY_UILaunchScreen_Generation = YES;
				INFOPLIST_KEY_UISupportedInterfaceOrientations_iPad = "UIInterfaceOrientationPortrait UIInterfaceOrientationPortraitUpsideDown UIInterfaceOrientationLandscapeLeft UIInterfaceOrientationLandscapeRight";
				INFOPLIST_KEY_UISupportedInterfaceOrientations_iPhone = "UIInterfaceOrientationPortrait UIInterfaceOrientationLandscapeLeft UIInterfaceOrientationLandscapeRight";
				LD_RUNPATH_SEARCH_PATHS = (
					"$(inherited)",
					"@executable_path/Frameworks",
				);
				MARKETING_VERSION = 1.0;
				PRODUCT_BUNDLE_IDENTIFIER = marvel.netomoura.TheMarvels;
				PRODUCT_NAME = "$(TARGET_NAME)";
				SWIFT_EMIT_LOC_STRINGS = YES;
				SWIFT_VERSION = 5.0;
				TARGETED_DEVICE_FAMILY = "1,2";
			};
			name = Release;
		};
		97AE5F6F2BE07D28004FC9BF /* Debug */ = {
			isa = XCBuildConfiguration;
			baseConfigurationReference = 95F1BC5BBDCA2D6CEDB61222 /* Pods-TheMarvelsTests.debug.xcconfig */;
			buildSettings = {
				ALWAYS_EMBED_SWIFT_STANDARD_LIBRARIES = YES;
				BUNDLE_LOADER = "$(TEST_HOST)";
				CODE_SIGN_STYLE = Automatic;
				CURRENT_PROJECT_VERSION = 1;
				DEVELOPMENT_TEAM = G7EA55P48L;
				GENERATE_INFOPLIST_FILE = YES;
				IPHONEOS_DEPLOYMENT_TARGET = 17.0;
				MARKETING_VERSION = 1.0;
				PRODUCT_BUNDLE_IDENTIFIER = marvel.netomoura.TheMarvelsTests;
				PRODUCT_NAME = "$(TARGET_NAME)";
				SWIFT_EMIT_LOC_STRINGS = NO;
				SWIFT_VERSION = 5.0;
				TARGETED_DEVICE_FAMILY = "1,2";
				TEST_HOST = "$(BUILT_PRODUCTS_DIR)/TheMarvels.app/$(BUNDLE_EXECUTABLE_FOLDER_PATH)/TheMarvels";
			};
			name = Debug;
		};
		97AE5F702BE07D28004FC9BF /* Release */ = {
			isa = XCBuildConfiguration;
			baseConfigurationReference = C3A6DEFF5263805FECC69681 /* Pods-TheMarvelsTests.release.xcconfig */;
			buildSettings = {
				ALWAYS_EMBED_SWIFT_STANDARD_LIBRARIES = YES;
				BUNDLE_LOADER = "$(TEST_HOST)";
				CODE_SIGN_STYLE = Automatic;
				CURRENT_PROJECT_VERSION = 1;
				DEVELOPMENT_TEAM = G7EA55P48L;
				GENERATE_INFOPLIST_FILE = YES;
				IPHONEOS_DEPLOYMENT_TARGET = 17.0;
				MARKETING_VERSION = 1.0;
				PRODUCT_BUNDLE_IDENTIFIER = marvel.netomoura.TheMarvelsTests;
				PRODUCT_NAME = "$(TARGET_NAME)";
				SWIFT_EMIT_LOC_STRINGS = NO;
				SWIFT_VERSION = 5.0;
				TARGETED_DEVICE_FAMILY = "1,2";
				TEST_HOST = "$(BUILT_PRODUCTS_DIR)/TheMarvels.app/$(BUNDLE_EXECUTABLE_FOLDER_PATH)/TheMarvels";
			};
			name = Release;
		};
		97AE5F722BE07D28004FC9BF /* Debug */ = {
			isa = XCBuildConfiguration;
			baseConfigurationReference = 370F14AAC93F7B149428CA1D /* Pods-TheMarvels-TheMarvelsUITests.debug.xcconfig */;
			buildSettings = {
				ALWAYS_EMBED_SWIFT_STANDARD_LIBRARIES = YES;
				CODE_SIGN_STYLE = Automatic;
				CURRENT_PROJECT_VERSION = 1;
				DEVELOPMENT_TEAM = G7EA55P48L;
				GENERATE_INFOPLIST_FILE = YES;
				MARKETING_VERSION = 1.0;
				PRODUCT_BUNDLE_IDENTIFIER = marvel.netomoura.TheMarvelsUITests;
				PRODUCT_NAME = "$(TARGET_NAME)";
				SWIFT_EMIT_LOC_STRINGS = NO;
				SWIFT_VERSION = 5.0;
				TARGETED_DEVICE_FAMILY = "1,2";
				TEST_TARGET_NAME = TheMarvels;
			};
			name = Debug;
		};
		97AE5F732BE07D28004FC9BF /* Release */ = {
			isa = XCBuildConfiguration;
			baseConfigurationReference = 5358C599680D5DF93FAC9CFE /* Pods-TheMarvels-TheMarvelsUITests.release.xcconfig */;
			buildSettings = {
				ALWAYS_EMBED_SWIFT_STANDARD_LIBRARIES = YES;
				CODE_SIGN_STYLE = Automatic;
				CURRENT_PROJECT_VERSION = 1;
				DEVELOPMENT_TEAM = G7EA55P48L;
				GENERATE_INFOPLIST_FILE = YES;
				MARKETING_VERSION = 1.0;
				PRODUCT_BUNDLE_IDENTIFIER = marvel.netomoura.TheMarvelsUITests;
				PRODUCT_NAME = "$(TARGET_NAME)";
				SWIFT_EMIT_LOC_STRINGS = NO;
				SWIFT_VERSION = 5.0;
				TARGETED_DEVICE_FAMILY = "1,2";
				TEST_TARGET_NAME = TheMarvels;
			};
			name = Release;
		};
/* End XCBuildConfiguration section */

/* Begin XCConfigurationList section */
		97AE5F402BE07D27004FC9BF /* Build configuration list for PBXProject "TheMarvels" */ = {
			isa = XCConfigurationList;
			buildConfigurations = (
				97AE5F692BE07D28004FC9BF /* Debug */,
				97AE5F6A2BE07D28004FC9BF /* Release */,
			);
			defaultConfigurationIsVisible = 0;
			defaultConfigurationName = Release;
		};
		97AE5F6B2BE07D28004FC9BF /* Build configuration list for PBXNativeTarget "TheMarvels" */ = {
			isa = XCConfigurationList;
			buildConfigurations = (
				97AE5F6C2BE07D28004FC9BF /* Debug */,
				97AE5F6D2BE07D28004FC9BF /* Release */,
			);
			defaultConfigurationIsVisible = 0;
			defaultConfigurationName = Release;
		};
		97AE5F6E2BE07D28004FC9BF /* Build configuration list for PBXNativeTarget "TheMarvelsTests" */ = {
			isa = XCConfigurationList;
			buildConfigurations = (
				97AE5F6F2BE07D28004FC9BF /* Debug */,
				97AE5F702BE07D28004FC9BF /* Release */,
			);
			defaultConfigurationIsVisible = 0;
			defaultConfigurationName = Release;
		};
		97AE5F712BE07D28004FC9BF /* Build configuration list for PBXNativeTarget "TheMarvelsUITests" */ = {
			isa = XCConfigurationList;
			buildConfigurations = (
				97AE5F722BE07D28004FC9BF /* Debug */,
				97AE5F732BE07D28004FC9BF /* Release */,
			);
			defaultConfigurationIsVisible = 0;
			defaultConfigurationName = Release;
		};
/* End XCConfigurationList section */
	};
	rootObject = 97AE5F3D2BE07D27004FC9BF /* Project object */;
}
